<?xml version="1.0" encoding="utf-8"?>
<Project ToolsVersion="4.0" xmlns="http://schemas.microsoft.com/developer/msbuild/2003">
  <ItemGroup>
    <Filter Include="Исходные файлы">
      <UniqueIdentifier>{4FC737F1-C7A5-4376-A066-2A32D752A2FF}</UniqueIdentifier>
      <Extensions>cpp;c;cc;cxx;c++;cppm;ixx;def;odl;idl;hpj;bat;asm;asmx</Extensions>
    </Filter>
    <Filter Include="Исходные файлы\base-structs">
      <UniqueIdentifier>{97208826-10cc-4ad0-be0f-539c1814fc2f}</UniqueIdentifier>
    </Filter>
    <Filter Include="Исходные файлы\utils">
      <UniqueIdentifier>{dfa69ab6-d6db-4419-a72e-e0e4d946e025}</UniqueIdentifier>
    </Filter>
    <Filter Include="Исходные файлы\game">
      <UniqueIdentifier>{d547efbe-3cd7-4272-9fe4-a46af0dc7309}</UniqueIdentifier>
    </Filter>
  </ItemGroup>
  <ItemGroup>
    <ClCompile Include="Kursovoi.cpp">
      <Filter>Исходные файлы</Filter>
    </ClCompile>
    <ClCompile Include="utils.cpp">
      <Filter>Исходные файлы\utils</Filter>
    </ClCompile>
    <ClCompile Include="game.cpp">
      <Filter>Исходные файлы\game</Filter>
    </ClCompile>
  </ItemGroup>
  <ItemGroup>
    <ClInclude Include="utils.h">
      <Filter>Исходные файлы\utils</Filter>
    </ClInclude>
    <ClInclude Include="game.h">
      <Filter>Исходные файлы\game</Filter>
    </ClInclude>
    <ClInclude Include="structs.h">
      <Filter>Исходные файлы\base-structs</Filter>
    </ClInclude>
  </ItemGroup>
</Project>